
Microsoft Visual Studio Solution File, Format Version 12.00
# Visual Studio Version 17
VisualStudioVersion = 17.8.34330.188
MinimumVisualStudioVersion = 10.0.40219.1
Project("{2150E333-8FDC-42A3-9474-1A3956D46DE8}") = "src", "src", "{9DF7A134-0C68-4B18-B454-442952F11B37}"
EndProject
Project("{2150E333-8FDC-42A3-9474-1A3956D46DE8}") = "tests", "tests", "{B222E9F9-0F91-4885-956F-63FDD152F4A1}"
EndProject
Project("{2150E333-8FDC-42A3-9474-1A3956D46DE8}") = "Domain", "Domain", "{00B5B896-874E-4C40-AD02-90926C52AD17}"
EndProject
Project("{2150E333-8FDC-42A3-9474-1A3956D46DE8}") = "Hosting", "Hosting", "{7C13E44D-4D12-49C5-82C1-44C7D3368959}"
EndProject
Project("{2150E333-8FDC-42A3-9474-1A3956D46DE8}") = "Providers", "Providers", "{AAED9350-4030-42F8-8FF3-A63A63556F12}"
EndProject
Project("{2150E333-8FDC-42A3-9474-1A3956D46DE8}") = "Service", "Service", "{DBD4D4AE-5C83-4A04-A72A-832EC7F07EE5}"
EndProject
Project("{2150E333-8FDC-42A3-9474-1A3956D46DE8}") = "Domain", "Domain", "{E205F565-D99C-4555-9E77-918315C1E24E}"
EndProject
Project("{2150E333-8FDC-42A3-9474-1A3956D46DE8}") = "Service", "Service", "{E6FB3C75-0387-49EA-8A17-5828F820090F}"
EndProject
Project("{9A19103F-16F7-4668-BE54-9A1E7A4F7556}") = "Ofgem.API.EnergyScheme.Domain", "src\Domain\Ofgem.API.EnergyScheme.Domain\Ofgem.API.EnergyScheme.Domain.csproj", "{FF0B62D5-1E99-408E-ADE6-BC222520F535}"
EndProject
Project("{9A19103F-16F7-4668-BE54-9A1E7A4F7556}") = "Ofgem.API.EnergyScheme.WebApp", "src\Hosting\Ofgem.API.EnergyScheme.Api\Ofgem.API.EnergyScheme.WebApp.csproj", "{1D6B094F-B257-4B06-A6AE-427DD96AEC3A}"
EndProject
Project("{9A19103F-16F7-4668-BE54-9A1E7A4F7556}") = "Ofgem.API.EnergyScheme.Core", "src\Services\Ofgem.API.EnergyScheme.Core\Ofgem.API.EnergyScheme.Core.csproj", "{3384CE04-A45D-4F9E-BEA2-28F033158B48}"
EndProject
Project("{9A19103F-16F7-4668-BE54-9A1E7A4F7556}") = "Ofgem.API.EnergyScheme.Core.UnitTests", "tests\Services\Ofgem.API.EnergyScheme.Core.UnitTests\Ofgem.API.EnergyScheme.Core.UnitTests.csproj", "{2B31676D-4FC0-49CD-B2B0-51FABB463A2A}"
EndProject
Project("{FAE04EC0-301F-11D3-BF4B-00C04F79EFBC}") = "Ofgem.API.EnergyScheme.Api", "src\services\Ofgem.API.EnergyScheme.Api\Ofgem.API.EnergyScheme.Api.csproj", "{6A1C48C2-B2E8-43D3-8CA1-F1AEC228801D}"
EndProject
Project("{FAE04EC0-301F-11D3-BF4B-00C04F79EFBC}") = "Ofgem.API.EnergyScheme.DataAccess", "src\providers\Ofgem.API.EnergyScheme.DataAccess\Ofgem.API.EnergyScheme.DataAccess.csproj", "{4AB3939D-5818-411F-A710-1714B2FD506A}"
EndProject
Project("{2150E333-8FDC-42A3-9474-1A3956D46DE8}") = "Providers", "Providers", "{7B6FB124-F5FD-4E96-8BAE-C49DD61299B5}"
EndProject
Project("{FAE04EC0-301F-11D3-BF4B-00C04F79EFBC}") = "Ofgem.API.EnergyScheme.DataAccess.UnitTests", "tests\providers\Ofgem.API.EnergyScheme.DataAccess.UnitTests\Ofgem.API.EnergyScheme.DataAccess.UnitTests.csproj", "{92F40A37-ACBD-4968-A508-90AF3CCA74CB}"
EndProject
Global
	GlobalSection(SolutionConfigurationPlatforms) = preSolution
		Debug|Any CPU = Debug|Any CPU
		Release|Any CPU = Release|Any CPU
	EndGlobalSection
	GlobalSection(ProjectConfigurationPlatforms) = postSolution
		{FF0B62D5-1E99-408E-ADE6-BC222520F535}.Debug|Any CPU.ActiveCfg = Debug|Any CPU
		{FF0B62D5-1E99-408E-ADE6-BC222520F535}.Debug|Any CPU.Build.0 = Debug|Any CPU
		{FF0B62D5-1E99-408E-ADE6-BC222520F535}.Release|Any CPU.ActiveCfg = Release|Any CPU
		{FF0B62D5-1E99-408E-ADE6-BC222520F535}.Release|Any CPU.Build.0 = Release|Any CPU
		{1D6B094F-B257-4B06-A6AE-427DD96AEC3A}.Debug|Any CPU.ActiveCfg = Debug|Any CPU
		{1D6B094F-B257-4B06-A6AE-427DD96AEC3A}.Debug|Any CPU.Build.0 = Debug|Any CPU
		{1D6B094F-B257-4B06-A6AE-427DD96AEC3A}.Release|Any CPU.ActiveCfg = Release|Any CPU
		{1D6B094F-B257-4B06-A6AE-427DD96AEC3A}.Release|Any CPU.Build.0 = Release|Any CPU
		{3384CE04-A45D-4F9E-BEA2-28F033158B48}.Debug|Any CPU.ActiveCfg = Debug|Any CPU
		{3384CE04-A45D-4F9E-BEA2-28F033158B48}.Debug|Any CPU.Build.0 = Debug|Any CPU
		{3384CE04-A45D-4F9E-BEA2-28F033158B48}.Release|Any CPU.ActiveCfg = Release|Any CPU
		{3384CE04-A45D-4F9E-BEA2-28F033158B48}.Release|Any CPU.Build.0 = Release|Any CPU
		{2B31676D-4FC0-49CD-B2B0-51FABB463A2A}.Debug|Any CPU.ActiveCfg = Debug|Any CPU
		{2B31676D-4FC0-49CD-B2B0-51FABB463A2A}.Debug|Any CPU.Build.0 = Debug|Any CPU
		{2B31676D-4FC0-49CD-B2B0-51FABB463A2A}.Release|Any CPU.ActiveCfg = Release|Any CPU
		{2B31676D-4FC0-49CD-B2B0-51FABB463A2A}.Release|Any CPU.Build.0 = Release|Any CPU
		{6A1C48C2-B2E8-43D3-8CA1-F1AEC228801D}.Debug|Any CPU.ActiveCfg = Debug|Any CPU
		{6A1C48C2-B2E8-43D3-8CA1-F1AEC228801D}.Debug|Any CPU.Build.0 = Debug|Any CPU
		{6A1C48C2-B2E8-43D3-8CA1-F1AEC228801D}.Release|Any CPU.ActiveCfg = Release|Any CPU
		{6A1C48C2-B2E8-43D3-8CA1-F1AEC228801D}.Release|Any CPU.Build.0 = Release|Any CPU
		{4AB3939D-5818-411F-A710-1714B2FD506A}.Debug|Any CPU.ActiveCfg = Debug|Any CPU
		{4AB3939D-5818-411F-A710-1714B2FD506A}.Debug|Any CPU.Build.0 = Debug|Any CPU
		{4AB3939D-5818-411F-A710-1714B2FD506A}.Release|Any CPU.ActiveCfg = Release|Any CPU
		{4AB3939D-5818-411F-A710-1714B2FD506A}.Release|Any CPU.Build.0 = Release|Any CPU
		{92F40A37-ACBD-4968-A508-90AF3CCA74CB}.Debug|Any CPU.ActiveCfg = Debug|Any CPU
		{92F40A37-ACBD-4968-A508-90AF3CCA74CB}.Debug|Any CPU.Build.0 = Debug|Any CPU
		{92F40A37-ACBD-4968-A508-90AF3CCA74CB}.Release|Any CPU.ActiveCfg = Release|Any CPU
		{92F40A37-ACBD-4968-A508-90AF3CCA74CB}.Release|Any CPU.Build.0 = Release|Any CPU
	EndGlobalSection
	GlobalSection(SolutionProperties) = preSolution
		HideSolutionNode = FALSE
	EndGlobalSection
	GlobalSection(NestedProjects) = preSolution
		{00B5B896-874E-4C40-AD02-90926C52AD17} = {9DF7A134-0C68-4B18-B454-442952F11B37}
		{7C13E44D-4D12-49C5-82C1-44C7D3368959} = {9DF7A134-0C68-4B18-B454-442952F11B37}
		{AAED9350-4030-42F8-8FF3-A63A63556F12} = {9DF7A134-0C68-4B18-B454-442952F11B37}
		{DBD4D4AE-5C83-4A04-A72A-832EC7F07EE5} = {9DF7A134-0C68-4B18-B454-442952F11B37}
		{E205F565-D99C-4555-9E77-918315C1E24E} = {B222E9F9-0F91-4885-956F-63FDD152F4A1}
		{E6FB3C75-0387-49EA-8A17-5828F820090F} = {B222E9F9-0F91-4885-956F-63FDD152F4A1}
		{FF0B62D5-1E99-408E-ADE6-BC222520F535} = {00B5B896-874E-4C40-AD02-90926C52AD17}
		{1D6B094F-B257-4B06-A6AE-427DD96AEC3A} = {7C13E44D-4D12-49C5-82C1-44C7D3368959}
		{3384CE04-A45D-4F9E-BEA2-28F033158B48} = {DBD4D4AE-5C83-4A04-A72A-832EC7F07EE5}
		{2B31676D-4FC0-49CD-B2B0-51FABB463A2A} = {E6FB3C75-0387-49EA-8A17-5828F820090F}
		{6A1C48C2-B2E8-43D3-8CA1-F1AEC228801D} = {DBD4D4AE-5C83-4A04-A72A-832EC7F07EE5}
		{4AB3939D-5818-411F-A710-1714B2FD506A} = {AAED9350-4030-42F8-8FF3-A63A63556F12}
		{7B6FB124-F5FD-4E96-8BAE-C49DD61299B5} = {B222E9F9-0F91-4885-956F-63FDD152F4A1}
		{92F40A37-ACBD-4968-A508-90AF3CCA74CB} = {7B6FB124-F5FD-4E96-8BAE-C49DD61299B5}
	EndGlobalSection
	GlobalSection(ExtensibilityGlobals) = postSolution
		SolutionGuid = {6CFF8876-4A8D-40ED-9E9F-5FAA0C65526A}
	EndGlobalSection
EndGlobal
